<?xml version="1.0" encoding="utf-8"?>
<Project ToolsVersion="4.0" xmlns="http://schemas.microsoft.com/developer/msbuild/2003">
  <ItemGroup>
    <Filter Include="Source Files">
      <UniqueIdentifier>{4FC737F1-C7A5-4376-A066-2A32D752A2FF}</UniqueIdentifier>
      <Extensions>cpp;c;cc;cxx;c++;cppm;ixx;def;odl;idl;hpj;bat;asm;asmx</Extensions>
    </Filter>
    <Filter Include="Header Files">
      <UniqueIdentifier>{93995380-89BD-4b04-88EB-625FBE52EBFB}</UniqueIdentifier>
      <Extensions>h;hh;hpp;hxx;h++;hm;inl;inc;ipp;xsd</Extensions>
    </Filter>
    <Filter Include="Resource Files">
      <UniqueIdentifier>{67DA6AB6-F800-4c08-8B7A-83BB121AAD01}</UniqueIdentifier>
      <Extensions>rc;ico;cur;bmp;dlg;rc2;rct;bin;rgs;gif;jpg;jpeg;jpe;resx;tiff;tif;png;wav;mfcribbon-ms</Extensions>
    </Filter>
    <Filter Include="Source Files\gb_cpu">
      <UniqueIdentifier>{8b090302-d26d-4c39-99e7-3d33577e2edf}</UniqueIdentifier>
    </Filter>
    <Filter Include="Header Files\gb_cpu">
      <UniqueIdentifier>{dde98ed9-611e-4971-bc47-fa094e472e63}</UniqueIdentifier>
    </Filter>
    <Filter Include="Header Files\gb_ppu">
      <UniqueIdentifier>{552f0526-a684-4c88-a2ed-12ef79f695d8}</UniqueIdentifier>
    </Filter>
    <Filter Include="Source Files\gb_ppu">
      <UniqueIdentifier>{3de28e13-0aa3-410b-91c1-9e7768e8e019}</UniqueIdentifier>
    </Filter>
    <Filter Include="Source Files\gb_mem">
      <UniqueIdentifier>{7d767d62-a592-42b8-874d-0b9ac4083cce}</UniqueIdentifier>
    </Filter>
    <Filter Include="Header Files\gb_mem">
      <UniqueIdentifier>{8de62d8e-8e03-4dc6-be17-aeb35723cdc9}</UniqueIdentifier>
    </Filter>
  </ItemGroup>
  <ItemGroup>
    <ClCompile Include="src\main.cpp">
      <Filter>Source Files</Filter>
    </ClCompile>
    <ClCompile Include="src\components\GbCpu.cpp">
      <Filter>Source Files\gb_cpu</Filter>
    </ClCompile>
    <ClCompile Include="src\Gb.cpp">
      <Filter>Source Files</Filter>
    </ClCompile>
    <ClCompile Include="src\components\GbPpu.cpp">
      <Filter>Source Files\gb_ppu</Filter>
    </ClCompile>
    <ClCompile Include="src\help\Logger.cpp">
      <Filter>Source Files</Filter>
    </ClCompile>
    <ClCompile Include="src\components\GbMem.cpp">
      <Filter>Source Files\gb_mem</Filter>
    </ClCompile>
  </ItemGroup>
  <ItemGroup>
    <ClInclude Include="src\components\GbCpu.h">
      <Filter>Header Files\gb_cpu</Filter>
    </ClInclude>
    <ClInclude Include="src\TypeDef.h">
      <Filter>Header Files</Filter>
    </ClInclude>
    <ClInclude Include="src\Gb.h">
      <Filter>Header Files</Filter>
    </ClInclude>
    <ClInclude Include="src\GbStructs.h">
      <Filter>Header Files</Filter>
    </ClInclude>
    <ClInclude Include="src\components\GbPpu.h">
      <Filter>Header Files\gb_ppu</Filter>
    </ClInclude>
    <ClInclude Include="src\help\Logger.h">
      <Filter>Header Files</Filter>
    </ClInclude>
    <ClInclude Include="src\components\GbMem.h">
      <Filter>Header Files\gb_mem</Filter>
    </ClInclude>
  </ItemGroup>
</Project>